Microsoft Visual Studio Solution File, Format Version 11.00
# Visual Studio 2008

Project("{FACC1E7B-780E-CA89-38DF-1D49A9922807}") = "JokerNew", "Assembly-CSharp-vs.csproj", "{E6BBB389-D6B1-734C-C8C0-1C90C3339C84}"
EndProject
Global
	GlobalSection(SolutionConfigurationPlatforms) = preSolution
		Debug|Any CPU = Debug|Any CPU
		Release|Any CPU = Release|Any CPU
	EndGlobalSection
	GlobalSection(ProjectConfigurationPlatforms) = postSolution
		{E6BBB389-D6B1-734C-C8C0-1C90C3339C84}.Debug|Any CPU.ActiveCfg = Debug|Any CPU
		{E6BBB389-D6B1-734C-C8C0-1C90C3339C84}.Debug|Any CPU.Build.0 = Debug|Any CPU
		{E6BBB389-D6B1-734C-C8C0-1C90C3339C84}.Release|Any CPU.ActiveCfg = Release|Any CPU
		{E6BBB389-D6B1-734C-C8C0-1C90C3339C84}.Release|Any CPU.Build.0 = Release|Any CPU
	EndGlobalSection
	GlobalSection(SolutionProperties) = preSolution
		HideSolutionNode = FALSE
	EndGlobalSection
																																																																											GlobalSection(MonoDevelopProperties) = preSolution
		StartupItem = Assembly-CSharp.csproj
		Policies = $0
		$0.TextStylePolicy = $1
		$1.inheritsSet = null
		$1.scope = text/x-csharp
		$0.CSharpFormattingPolicy = $2
		$2.inheritsSet = Mono
		$2.inheritsScope = text/x-csharp
		$2.scope = text/x-csharp
		$0.TextStylePolicy = $3
		$3.FileWidth = 120
		$3.TabWidth = 4
		$3.IndentWidth = 4
		$3.EolMarker = Unix
		$3.inheritsSet = Mono
		$3.inheritsScope = text/plain
		$3.scope = text/plain
	EndGlobalSection

EndGlobal
